
Microsoft Visual Studio Solution File, Format Version 12.00
# Visual Studio Express 14 for Web
VisualStudioVersion = 14.0.23107.0
MinimumVisualStudioVersion = 10.0.40219.1
Project("{FAE04EC0-301F-11D3-BF4B-00C04F79EFBC}") = "MyFirstChallenge", "MyFirstChallenge\MyFirstChallenge.csproj", "{FDA82A35-BE07-4FF2-9B1B-D33A566FA093}"
EndProject
Global
	GlobalSection(SolutionConfigurationPlatforms) = preSolution
		Debug|Any CPU = Debug|Any CPU
		Release|Any CPU = Release|Any CPU
	EndGlobalSection
	GlobalSection(ProjectConfigurationPlatforms) = postSolution
		{FDA82A35-BE07-4FF2-9B1B-D33A566FA093}.Debug|Any CPU.ActiveCfg = Debug|Any CPU
		{FDA82A35-BE07-4FF2-9B1B-D33A566FA093}.Debug|Any CPU.Build.0 = Debug|Any CPU
		{FDA82A35-BE07-4FF2-9B1B-D33A566FA093}.Release|Any CPU.ActiveCfg = Release|Any CPU
		{FDA82A35-BE07-4FF2-9B1B-D33A566FA093}.Release|Any CPU.Build.0 = Release|Any CPU
	EndGlobalSection
	GlobalSection(SolutionProperties) = preSolution
		HideSolutionNode = FALSE
	EndGlobalSection
EndGlobal
